# THIS IS AN AUTOGENERATED FILE. DO NOT EDIT THIS FILE DIRECTLY.
# yarn lockfile v1


"@layerzerolabs/lz-evm-messagelib-v2@^2.3.6":
  version "2.3.6"
  resolved "https://registry.yarnpkg.com/@layerzerolabs/lz-evm-messagelib-v2/-/lz-evm-messagelib-v2-2.3.6.tgz#b0de57fbc45fa94281901f9830a57e4ed9ca3884"
  integrity sha512-mG/ypDTA53lcaLn9viqFwOP5WMHc7LT9CfhVtHtXd5emjh7coM1oaNyqGYKIthPLDyuro6GelZ3SGjeZcH14OA==

"@layerzerolabs/lz-evm-oapp-v2@^2.0.25":
  version "2.0.25"
  resolved "https://registry.yarnpkg.com/@layerzerolabs/lz-evm-oapp-v2/-/lz-evm-oapp-v2-2.0.25.tgz#a10c89ec988630c712d115098ccc519f240f3436"
  integrity sha512-UW5HY1/2eXj1jOvqCnVhKxcdyaptFppeDFOo8AuF6ZfOj7xO6Dj/vaXaJYFHgDbxm1r9XwzcXH27xYPqVjCOTg==

"@layerzerolabs/lz-evm-protocol-v2@^2.0.25":
  version "2.0.25"
  resolved "https://registry.yarnpkg.com/@layerzerolabs/lz-evm-protocol-v2/-/lz-evm-protocol-v2-2.0.25.tgz#c070d2a4ba83d4db22198fc54cce9088ec1de69c"
  integrity sha512-EyyieamTgu2yFd5hLJ6B/vMCMKItGIHUPaa2X1NbdJTUEKyYWGupxXZUY7N/EXedfJhYdUVcNt1ZYjp6HgsYlw==

"ds-test@github:dapphub/ds-test":
  version "1.0.0"
  resolved "https://codeload.github.com/dapphub/ds-test/tar.gz/e282159d5170298eb2455a6c05280ab5a73a4ef0"

forge-std@^1.1.2:
  version "1.1.2"
  resolved "https://registry.yarnpkg.com/forge-std/-/forge-std-1.1.2.tgz#f4a0eda103538d56f9c563f3cd1fa2fd01bd9378"
  integrity sha512-Wfb0iAS9PcfjMKtGpWQw9mXzJxrWD62kJCUqqLcyuI0+VRtJ3j20XembjF3kS20qELYdXft1vD/SPFVWVKMFOw==

solidity-bytes-utils@^0.8.2:
  version "0.8.2"
  resolved "https://registry.yarnpkg.com/solidity-bytes-utils/-/solidity-bytes-utils-0.8.2.tgz#763d6a02fd093e93b3a97b742e97d540e66c29bd"
  integrity sha512-cqXPYAV2auhpdKSTPuqji0CwpSceZDu95CzqSM/9tDJ2MoMaMsdHTpOIWtVw31BIqqGPNmIChCswzbw0tHaMTw==
  dependencies:
    ds-test "github:dapphub/ds-test"
    forge-std "^1.1.2"
